
Microsoft Visual Studio Solution File, Format Version 12.00
# Visual Studio Version 17
VisualStudioVersion = 17.13.35828.75 d17.13
MinimumVisualStudioVersion = 10.0.40219.1
Project("{FAE04EC0-301F-11D3-BF4B-00C04F79EFBC}") = "KioskPayApiServer", "KioskPayApiServer\KioskPayApiServer.csproj", "{E83F1F8A-D80C-4BF2-A5F6-A53259924AB4}"
EndProject
Global
	GlobalSection(SolutionConfigurationPlatforms) = preSolution
		Debug|Any CPU = Debug|Any CPU
		Release|Any CPU = Release|Any CPU
	EndGlobalSection
	GlobalSection(ProjectConfigurationPlatforms) = postSolution
		{E83F1F8A-D80C-4BF2-A5F6-A53259924AB4}.Debug|Any CPU.ActiveCfg = Debug|Any CPU
		{E83F1F8A-D80C-4BF2-A5F6-A53259924AB4}.Debug|Any CPU.Build.0 = Debug|Any CPU
		{E83F1F8A-D80C-4BF2-A5F6-A53259924AB4}.Release|Any CPU.ActiveCfg = Release|Any CPU
		{E83F1F8A-D80C-4BF2-A5F6-A53259924AB4}.Release|Any CPU.Build.0 = Release|Any CPU
	EndGlobalSection
	GlobalSection(SolutionProperties) = preSolution
		HideSolutionNode = FALSE
	EndGlobalSection
	GlobalSection(ExtensibilityGlobals) = postSolution
		SolutionGuid = {AB6311B0-5187-4DCA-93F0-AC7097B6174A}
	EndGlobalSection
EndGlobal
